{
  "version": 4,
  "terraform_version": "1.3.7",
  "serial": 13,
  "lineage": "6c3e30d8-8663-dff8-196b-9a5f151663ce",
  "outputs": {
    "public_ip_address": {
      "value": "52.186.147.195",
      "type": "string"
    },
    "resource_group_name": {
      "value": "rg-caring-prawn",
      "type": "string"
    },
    "tls_private_key": {
      "value": "-----BEGIN RSA PRIVATE KEY-----\nMIIJKAIBAAKCAgEA2R08WdO6JMTgQ1o24xzvTPwIAgNP5eJIsp//1X6MxZKNCVzp\nJv+QK3LuVgwiWkOrtkJS8atbYfSFH/INRUSOSbYfxdX5GzWBqzlehp8Bu2Qe+E2v\nvcdURwZGyQTMJNYfiaFzih/eod2jm7OEOa+BFVfyzhjcVDlxhDAoStCsBUG8NmDC\nm8CpgZsahiZJarD+9NWWMXkzv/nQErr954Qic9sKHBe4nROIFRu+yuvt9BV/G+Vn\ny1+IfdCGV46OGhR1Ugh9E2N93rp8kGpB0i5NpcQPs3NTdVl6ksRQwDDi7CvlEMyR\nINDOqggSEe71jU3LaXIlQyFV7sAvhmL03YFZdo641XiX0zHmYgku3oQL4IisV8aK\nFcn0aD6RcYjcMHVd6mIcq921B5DTrFh8boZh0DPHBSjjOU7Uh3XXSWKrtIc5uMv5\nR3RL+WXdGWqf1ElKO+JOp2kVkajw2sWNEHU0pEelbeVtRk6IKZj0Sj4YPvYqrclQ\nhFri8VXoPQR8lBhU+UwcsEO7BS6tWnC9252Gp/JrGLpqEjK2cjbdTZJGAU2mzU7x\njXJJdaWj5lLwFP0dmEvYs7qyYsVVtXIsiHmrQfaSgWqmxaBcgwv+Bijl+4cKTtnl\n8RkZzXWv5HaK3+j904+kJsPKB16Qa9+r3vVgJOEG4172l+9q8fREfT9LYbMCAwEA\nAQKCAgEApl8M3Biuz3Y+E96RqL+HcIrA6Cn5k8MuyhJpTQRIgy2l/cLAty2nIGRV\n1oI94MVyU5vHS4Fv6UQirzQgjy/ViQ6SkltBJGSAFOFFWguGnD5ArS16ugaAwlxA\n6dFPTfr299RMYU/Cnm7k7G9Hp5yhYeWfHedXDwNlxVHRzmLRLsYMn+7NseSU/8gH\nLz0vjR5MgPkaupaR3U5k77Vy03IhpH345UYYJeXNpb85GO5pzVybppjITMPMJ/0e\ntQF8Sufabx4qGi1nSsHEqjWCcrkgryHqliyNi6Mhlk3xQxUzDp8kTRc1LtxTQWAl\n2LAwYjN26Dqb6zEkVGvY/zXdRc/U6OaFDm+9rlx+4zpPtPCrvffJtoeA6p7dllam\nHtP+GYST+vo/Ph3aQe7n2heoGh0eGYYD8/SigY4L4ylemjYokLZlHtYN14dXkOlc\n0LgJhCD6xjKJ8jTcYQj7tJDVzFUq59XIflBIQtKvRs8KBfjVG6zVsJFF1TwM77B7\n/SFCZ/11YjXCuZ1hN17BXckzSZ9gt+TpZBxd1STYw86+MKZEYBrGJ9HmwCnG0M6l\n1zoPVzTdIyyMidbQfKnVafSRvmSlrg9vNOCRBJhjMygf1hSCq4ybs1OdrvGfCgEi\ned2x1FEJaZlGhGA0hkfjIA5eOnT1zAIPWPEABzZ1EnumZbCWmQECggEBAPz+oxHc\nmqq/vXWuBbbvSx2gYJrcjMue4TTpcPaZSxmCjgefFtOtJFWIEk73pRWubDnAKHYF\nD/oMFBAmOnjfpQaIhmocC2KNHNfpENtlLWOENVcA5EmHdOhE8Q/T2xbxaemijhEa\nG1PiWUK+gKiAXoCNcufvuRtdkCGVtCOieA1Qf2pz6lObIjMaDh+bkv18iJJzYMVP\nDquef9rIcXEag5/jAtr6oaI51tqpp+XuO8QVusoQYtZ2dTtycAIbgSjc1k6njFTS\nStmkwCrsIQycSp2wzsk2t6MuJt2fTjNU/tqxgtee5xbtRNlPGm+KvMnb1dXWOb6k\nvx7PNJ+x0VrgpJMCggEBANuxfEA2pyJVxCeVPbC+y5j3n+TdgKzk7Rw6vlpyyPY+\nlQbwtDCgsYjZ0Z+kI1rsPt2i0TyCk9jiYYygyfhHy2eKpyQo5RlGMMgzEc/09QU4\nj92zPaeQxhZEI43o2seKoTEhayHBCQjekp+7tKY8hpbsySYPi9hbApDa6sQFwj6z\nKU2uphZ8ETpfqsrbwnv6QzuqmOoa8eWXv+qpGa99JFU3+1k9ezw8low5HjB0lARh\nmkrAJc9nXKIped8X2B7PGZmJRBQRGA9JsmMK7j5bL4S6NjHVe+VNcchD1TTbdVb7\nC+2/kRRrhRpXe46FCqoEUGPkH2DcNtzSGGPCW4TYomECggEACnkcFQw11uWzGSEI\nGYeUa3iNJzwEFBXSqtcTFxJHepnd+VDLqB2dyHCmmWBFFD2xOz7KLgCNpcNEPVrn\nxsMzWK7kKZZZnk3LKOD8EqkAlQMPFjfyO10BKPBZrlcN1chOox5YlTqocPOI0GuE\ndfVCdD3myNUyq4BXDBzfZS4/nAV+ENEVnTpp0wW8GfDdx+KU4MMn+WMJb29TSaJM\nl+sKEd9a6efAMzADxe+KBMm07awcnGrLPKeQuNJG8r9ivGdP89eZxpUiBhp83goC\nYDxEFn0QQmIiff3WHAyRNyzIlBMPII/ybw+JbxmINZ/fqteP5ZdFsq+tPcBEJGw/\nB20PQwKCAQAOrQqZ14zOtGAILOYUGorLSy95QHrKEfjs+9effy+Bk6is8AN5hCKX\n+8UPHw3lkwaYE7painaJ9IWDuXIEjfc+kXqc5cZ4K8IyfYbhF4IOuTqTGtgxi3BQ\nKHkfj8Cdt9sQxyS6+oQ5/XRaC1YEDOMIzgSZ8EvtRhcjyhwIwEG7oohN0i7yLZOR\nDLcCGjAhzBQVtk3ExcwHBF4jtOwsVvXIY5b83SiQW5PLBj3ICuGgcUy3VaKw+jyr\n8I1do+AiHr+dDBhqJsIus0OhbieALuM7wJzCM3q1VLkXIcDqaQarqtWfKj7s2Enp\n+pIccTLHLMaaBbE67TsVAUvzzhYDB93BAoIBAHWaikujKxp73kBsrHS4TVu5JI0O\n6fNA8VUXumtBVihNOxKVjTcq9I4M9fNfUkwJUPTozlTEev8wuFs7D0CmlVbcVrMQ\nCxgBz1sWZStBzujW5utZPTDsxITGkXMbTXLwGG2z1Y2Hfv6bRm2PcAB8+JanfJBl\no5K8xQC8TpwA1KoAGHebi94ouJf8HrgforkHcuy/II6AEmAJ3VwX0AAH9rT12o7r\na52JAhSBjqrtJ52aje1jU/vfK8ZDKrcTVg/y/aC+8cZt2h7RqiXRZtqVXWOnaGI0\nv2+Zb1ZBRTlV87DK/joJba+keqUCGc9BxYmhVkn/aAAS0GFzWuUYOhvNOPQ=\n-----END RSA PRIVATE KEY-----\n",
      "type": "string",
      "sensitive": true
    }
  },
  "resources": [
    {
      "mode": "managed",
      "type": "azurerm_linux_virtual_machine",
      "name": "my_terraform_vm",
      "provider": "provider[\"registry.terraform.io/hashicorp/azurerm\"]",
      "instances": [
        {
          "schema_version": 0,
          "attributes": {
            "additional_capabilities": [],
            "admin_password": null,
            "admin_ssh_key": [
              {
                "public_key": "ssh-rsa AAAAB3NzaC1yc2EAAAADAQABAAACAQDZHTxZ07okxOBDWjbjHO9M/AgCA0/l4kiyn//VfozFko0JXOkm/5Arcu5WDCJaQ6u2QlLxq1th9IUf8g1FRI5Jth/F1fkbNYGrOV6GnwG7ZB74Ta+9x1RHBkbJBMwk1h+JoXOKH96h3aObs4Q5r4EVV/LOGNxUOXGEMChK0KwFQbw2YMKbwKmBmxqGJklqsP701ZYxeTO/+dASuv3nhCJz2wocF7idE4gVG77K6+30FX8b5WfLX4h90IZXjo4aFHVSCH0TY33eunyQakHSLk2lxA+zc1N1WXqSxFDAMOLsK+UQzJEg0M6qCBIR7vWNTctpciVDIVXuwC+GYvTdgVl2jrjVeJfTMeZiCS7ehAvgiKxXxooVyfRoPpFxiNwwdV3qYhyr3bUHkNOsWHxuhmHQM8cFKOM5TtSHdddJYqu0hzm4y/lHdEv5Zd0Zap/USUo74k6naRWRqPDaxY0QdTSkR6Vt5W1GTogpmPRKPhg+9iqtyVCEWuLxVeg9BHyUGFT5TBywQ7sFLq1acL3bnYan8msYumoSMrZyNt1NkkYBTabNTvGNckl1paPmUvAU/R2YS9izurJixVW1ciyIeatB9pKBaqbFoFyDC/4GKOX7hwpO2eXxGRnNda/kdorf6P3Tj6Qmw8oHXpBr36ve9WAk4QbjXvaX72rx9ER9P0thsw==\n",
                "username": "azureuser"
              }
            ],
            "admin_username": "azureuser",
            "allow_extension_operations": true,
            "availability_set_id": "",
            "boot_diagnostics": [
              {
                "storage_account_uri": "https://diagb31b8ea03a016e73.blob.core.windows.net/"
              }
            ],
            "computer_name": "myvm",
            "custom_data": null,
            "dedicated_host_group_id": "",
            "dedicated_host_id": "",
            "disable_password_authentication": true,
            "encryption_at_host_enabled": false,
            "eviction_policy": "",
            "extensions_time_budget": "PT1H30M",
            "id": "/subscriptions/c66df1ff-114b-4bfc-9088-cccef09a2c9c/resourceGroups/rg-caring-prawn/providers/Microsoft.Compute/virtualMachines/myVM",
            "identity": [],
            "license_type": "",
            "location": "eastus",
            "max_bid_price": -1,
            "name": "myVM",
            "network_interface_ids": [
              "/subscriptions/c66df1ff-114b-4bfc-9088-cccef09a2c9c/resourceGroups/rg-caring-prawn/providers/Microsoft.Network/networkInterfaces/myNIC"
            ],
            "os_disk": [
              {
                "caching": "ReadWrite",
                "diff_disk_settings": [],
                "disk_encryption_set_id": "",
                "disk_size_gb": 30,
                "name": "myOsDisk",
                "storage_account_type": "Premium_LRS",
                "write_accelerator_enabled": false
              }
            ],
            "patch_mode": "ImageDefault",
            "plan": [],
            "platform_fault_domain": -1,
            "priority": "Regular",
            "private_ip_address": "10.0.1.4",
            "private_ip_addresses": [
              "10.0.1.4"
            ],
            "provision_vm_agent": true,
            "proximity_placement_group_id": "",
            "public_ip_address": "52.186.147.195",
            "public_ip_addresses": [
              "52.186.147.195"
            ],
            "resource_group_name": "rg-caring-prawn",
            "secret": [],
            "secure_boot_enabled": false,
            "size": "Standard_DS1_v2",
            "source_image_id": "",
            "source_image_reference": [
              {
                "offer": "UbuntuServer",
                "publisher": "Canonical",
                "sku": "18.04-LTS",
                "version": "latest"
              }
            ],
            "tags": null,
            "timeouts": null,
            "user_data": "",
            "virtual_machine_id": "7bb64f5c-0d32-4ad6-b4d8-3fc8ce74818d",
            "virtual_machine_scale_set_id": "",
            "vtpm_enabled": false,
            "zone": ""
          },
          "sensitive_attributes": [],
          "private": "eyJlMmJmYjczMC1lY2FhLTExZTYtOGY4OC0zNDM2M2JjN2M0YzAiOnsiY3JlYXRlIjoyNzAwMDAwMDAwMDAwLCJkZWxldGUiOjI3MDAwMDAwMDAwMDAsInJlYWQiOjMwMDAwMDAwMDAwMCwidXBkYXRlIjoyNzAwMDAwMDAwMDAwfX0=",
          "dependencies": [
            "azurerm_network_interface.my_terraform_nic",
            "azurerm_public_ip.my_terraform_public_ip",
            "azurerm_resource_group.rg",
            "azurerm_storage_account.my_storage_account",
            "azurerm_subnet.my_terraform_subnet",
            "azurerm_virtual_network.my_terraform_network",
            "random_id.random_id",
            "random_pet.rg_name",
            "tls_private_key.example_ssh"
          ]
        }
      ]
    },
    {
      "mode": "managed",
      "type": "azurerm_network_interface",
      "name": "my_terraform_nic",
      "provider": "provider[\"registry.terraform.io/hashicorp/azurerm\"]",
      "instances": [
        {
          "schema_version": 0,
          "attributes": {
            "applied_dns_servers": [],
            "dns_servers": [],
            "enable_accelerated_networking": false,
            "enable_ip_forwarding": false,
            "id": "/subscriptions/c66df1ff-114b-4bfc-9088-cccef09a2c9c/resourceGroups/rg-caring-prawn/providers/Microsoft.Network/networkInterfaces/myNIC",
            "internal_dns_name_label": "",
            "internal_domain_name_suffix": "14usklkrezouxe2fsgfyeqavyd.bx.internal.cloudapp.net",
            "ip_configuration": [
              {
                "gateway_load_balancer_frontend_ip_configuration_id": "",
                "name": "my_nic_configuration",
                "primary": true,
                "private_ip_address": "10.0.1.4",
                "private_ip_address_allocation": "Dynamic",
                "private_ip_address_version": "IPv4",
                "public_ip_address_id": "/subscriptions/c66df1ff-114b-4bfc-9088-cccef09a2c9c/resourceGroups/rg-caring-prawn/providers/Microsoft.Network/publicIPAddresses/myPublicIP",
                "subnet_id": "/subscriptions/c66df1ff-114b-4bfc-9088-cccef09a2c9c/resourceGroups/rg-caring-prawn/providers/Microsoft.Network/virtualNetworks/myVnet/subnets/mySubnet"
              }
            ],
            "location": "eastus",
            "mac_address": "",
            "name": "myNIC",
            "private_ip_address": "10.0.1.4",
            "private_ip_addresses": [
              "10.0.1.4"
            ],
            "resource_group_name": "rg-caring-prawn",
            "tags": null,
            "timeouts": null,
            "virtual_machine_id": ""
          },
          "sensitive_attributes": [],
          "private": "eyJlMmJmYjczMC1lY2FhLTExZTYtOGY4OC0zNDM2M2JjN2M0YzAiOnsiY3JlYXRlIjoxODAwMDAwMDAwMDAwLCJkZWxldGUiOjE4MDAwMDAwMDAwMDAsInJlYWQiOjMwMDAwMDAwMDAwMCwidXBkYXRlIjoxODAwMDAwMDAwMDAwfX0=",
          "dependencies": [
            "azurerm_public_ip.my_terraform_public_ip",
            "azurerm_resource_group.rg",
            "azurerm_subnet.my_terraform_subnet",
            "azurerm_virtual_network.my_terraform_network",
            "random_pet.rg_name"
          ]
        }
      ]
    },
    {
      "mode": "managed",
      "type": "azurerm_network_interface_security_group_association",
      "name": "example",
      "provider": "provider[\"registry.terraform.io/hashicorp/azurerm\"]",
      "instances": [
        {
          "schema_version": 0,
          "attributes": {
            "id": "/subscriptions/c66df1ff-114b-4bfc-9088-cccef09a2c9c/resourceGroups/rg-caring-prawn/providers/Microsoft.Network/networkInterfaces/myNIC|/subscriptions/c66df1ff-114b-4bfc-9088-cccef09a2c9c/resourceGroups/rg-caring-prawn/providers/Microsoft.Network/networkSecurityGroups/myNetworkSecurityGroup",
            "network_interface_id": "/subscriptions/c66df1ff-114b-4bfc-9088-cccef09a2c9c/resourceGroups/rg-caring-prawn/providers/Microsoft.Network/networkInterfaces/myNIC",
            "network_security_group_id": "/subscriptions/c66df1ff-114b-4bfc-9088-cccef09a2c9c/resourceGroups/rg-caring-prawn/providers/Microsoft.Network/networkSecurityGroups/myNetworkSecurityGroup",
            "timeouts": null
          },
          "sensitive_attributes": [],
          "private": "eyJlMmJmYjczMC1lY2FhLTExZTYtOGY4OC0zNDM2M2JjN2M0YzAiOnsiY3JlYXRlIjoxODAwMDAwMDAwMDAwLCJkZWxldGUiOjE4MDAwMDAwMDAwMDAsInJlYWQiOjMwMDAwMDAwMDAwMCwidXBkYXRlIjoxODAwMDAwMDAwMDAwfX0=",
          "dependencies": [
            "azurerm_network_interface.my_terraform_nic",
            "azurerm_network_security_group.my_terraform_nsg",
            "azurerm_public_ip.my_terraform_public_ip",
            "azurerm_resource_group.rg",
            "azurerm_subnet.my_terraform_subnet",
            "azurerm_virtual_network.my_terraform_network",
            "random_pet.rg_name"
          ]
        }
      ]
    },
    {
      "mode": "managed",
      "type": "azurerm_network_security_group",
      "name": "my_terraform_nsg",
      "provider": "provider[\"registry.terraform.io/hashicorp/azurerm\"]",
      "instances": [
        {
          "schema_version": 0,
          "attributes": {
            "id": "/subscriptions/c66df1ff-114b-4bfc-9088-cccef09a2c9c/resourceGroups/rg-caring-prawn/providers/Microsoft.Network/networkSecurityGroups/myNetworkSecurityGroup",
            "location": "eastus",
            "name": "myNetworkSecurityGroup",
            "resource_group_name": "rg-caring-prawn",
            "security_rule": [
              {
                "access": "Allow",
                "description": "",
                "destination_address_prefix": "*",
                "destination_address_prefixes": [],
                "destination_application_security_group_ids": [],
                "destination_port_range": "22",
                "destination_port_ranges": [],
                "direction": "Inbound",
                "name": "SSH",
                "priority": 1001,
                "protocol": "Tcp",
                "source_address_prefix": "*",
                "source_address_prefixes": [],
                "source_application_security_group_ids": [],
                "source_port_range": "*",
                "source_port_ranges": []
              }
            ],
            "tags": null,
            "timeouts": null
          },
          "sensitive_attributes": [],
          "private": "eyJlMmJmYjczMC1lY2FhLTExZTYtOGY4OC0zNDM2M2JjN2M0YzAiOnsiY3JlYXRlIjoxODAwMDAwMDAwMDAwLCJkZWxldGUiOjE4MDAwMDAwMDAwMDAsInJlYWQiOjMwMDAwMDAwMDAwMCwidXBkYXRlIjoxODAwMDAwMDAwMDAwfX0=",
          "dependencies": [
            "azurerm_resource_group.rg",
            "random_pet.rg_name"
          ]
        }
      ]
    },
    {
      "mode": "managed",
      "type": "azurerm_public_ip",
      "name": "my_terraform_public_ip",
      "provider": "provider[\"registry.terraform.io/hashicorp/azurerm\"]",
      "instances": [
        {
          "schema_version": 0,
          "attributes": {
            "allocation_method": "Dynamic",
            "availability_zone": "No-Zone",
            "domain_name_label": null,
            "fqdn": null,
            "id": "/subscriptions/c66df1ff-114b-4bfc-9088-cccef09a2c9c/resourceGroups/rg-caring-prawn/providers/Microsoft.Network/publicIPAddresses/myPublicIP",
            "idle_timeout_in_minutes": 4,
            "ip_address": "",
            "ip_tags": null,
            "ip_version": "IPv4",
            "location": "eastus",
            "name": "myPublicIP",
            "public_ip_prefix_id": null,
            "resource_group_name": "rg-caring-prawn",
            "reverse_fqdn": null,
            "sku": "Basic",
            "sku_tier": "Regional",
            "tags": null,
            "timeouts": null,
            "zones": []
          },
          "sensitive_attributes": [],
          "private": "eyJlMmJmYjczMC1lY2FhLTExZTYtOGY4OC0zNDM2M2JjN2M0YzAiOnsiY3JlYXRlIjoxODAwMDAwMDAwMDAwLCJkZWxldGUiOjE4MDAwMDAwMDAwMDAsInJlYWQiOjMwMDAwMDAwMDAwMCwidXBkYXRlIjoxODAwMDAwMDAwMDAwfX0=",
          "dependencies": [
            "azurerm_resource_group.rg",
            "random_pet.rg_name"
          ]
        }
      ]
    },
    {
      "mode": "managed",
      "type": "azurerm_resource_group",
      "name": "rg",
      "provider": "provider[\"registry.terraform.io/hashicorp/azurerm\"]",
      "instances": [
        {
          "schema_version": 0,
          "attributes": {
            "id": "/subscriptions/c66df1ff-114b-4bfc-9088-cccef09a2c9c/resourceGroups/rg-caring-prawn",
            "location": "eastus",
            "name": "rg-caring-prawn",
            "tags": null,
            "timeouts": null
          },
          "sensitive_attributes": [],
          "private": "eyJlMmJmYjczMC1lY2FhLTExZTYtOGY4OC0zNDM2M2JjN2M0YzAiOnsiY3JlYXRlIjo1NDAwMDAwMDAwMDAwLCJkZWxldGUiOjU0MDAwMDAwMDAwMDAsInJlYWQiOjMwMDAwMDAwMDAwMCwidXBkYXRlIjo1NDAwMDAwMDAwMDAwfX0=",
          "dependencies": [
            "random_pet.rg_name"
          ]
        }
      ]
    },
    {
      "mode": "managed",
      "type": "azurerm_storage_account",
      "name": "my_storage_account",
      "provider": "provider[\"registry.terraform.io/hashicorp/azurerm\"]",
      "instances": [
        {
          "schema_version": 2,
          "attributes": {
            "access_tier": "Hot",
            "account_kind": "StorageV2",
            "account_replication_type": "LRS",
            "account_tier": "Standard",
            "allow_blob_public_access": false,
            "azure_files_authentication": [],
            "blob_properties": [
              {
                "change_feed_enabled": false,
                "container_delete_retention_policy": [],
                "cors_rule": [],
                "default_service_version": "",
                "delete_retention_policy": [],
                "last_access_time_enabled": false,
                "versioning_enabled": false
              }
            ],
            "custom_domain": [],
            "customer_managed_key": [],
            "enable_https_traffic_only": true,
            "id": "/subscriptions/c66df1ff-114b-4bfc-9088-cccef09a2c9c/resourceGroups/rg-caring-prawn/providers/Microsoft.Storage/storageAccounts/diagb31b8ea03a016e73",
            "identity": [],
            "infrastructure_encryption_enabled": false,
            "is_hns_enabled": false,
            "large_file_share_enabled": null,
            "location": "eastus",
            "min_tls_version": "TLS1_0",
            "name": "diagb31b8ea03a016e73",
            "network_rules": [
              {
                "bypass": [
                  "AzureServices"
                ],
                "default_action": "Allow",
                "ip_rules": [],
                "private_link_access": [],
                "virtual_network_subnet_ids": []
              }
            ],
            "nfsv3_enabled": false,
            "primary_access_key": "hbLgMeHNQc1npgoB1XttzNeOLTuQP7mPlMJ0qBZU79ohlKLrSMtIPXbqwnD2F6eKJhTrVq94Q5kw+AStHPUWTA==",
            "primary_blob_connection_string": "DefaultEndpointsProtocol=https;BlobEndpoint=https://diagb31b8ea03a016e73.blob.core.windows.net/;AccountName=diagb31b8ea03a016e73;AccountKey=hbLgMeHNQc1npgoB1XttzNeOLTuQP7mPlMJ0qBZU79ohlKLrSMtIPXbqwnD2F6eKJhTrVq94Q5kw+AStHPUWTA==",
            "primary_blob_endpoint": "https://diagb31b8ea03a016e73.blob.core.windows.net/",
            "primary_blob_host": "diagb31b8ea03a016e73.blob.core.windows.net",
            "primary_connection_string": "DefaultEndpointsProtocol=https;AccountName=diagb31b8ea03a016e73;AccountKey=hbLgMeHNQc1npgoB1XttzNeOLTuQP7mPlMJ0qBZU79ohlKLrSMtIPXbqwnD2F6eKJhTrVq94Q5kw+AStHPUWTA==;EndpointSuffix=core.windows.net",
            "primary_dfs_endpoint": "https://diagb31b8ea03a016e73.dfs.core.windows.net/",
            "primary_dfs_host": "diagb31b8ea03a016e73.dfs.core.windows.net",
            "primary_file_endpoint": "https://diagb31b8ea03a016e73.file.core.windows.net/",
            "primary_file_host": "diagb31b8ea03a016e73.file.core.windows.net",
            "primary_location": "eastus",
            "primary_queue_endpoint": "https://diagb31b8ea03a016e73.queue.core.windows.net/",
            "primary_queue_host": "diagb31b8ea03a016e73.queue.core.windows.net",
            "primary_table_endpoint": "https://diagb31b8ea03a016e73.table.core.windows.net/",
            "primary_table_host": "diagb31b8ea03a016e73.table.core.windows.net",
            "primary_web_endpoint": "https://diagb31b8ea03a016e73.z13.web.core.windows.net/",
            "primary_web_host": "diagb31b8ea03a016e73.z13.web.core.windows.net",
            "queue_encryption_key_type": "Service",
            "queue_properties": [
              {
                "cors_rule": [],
                "hour_metrics": [
                  {
                    "enabled": true,
                    "include_apis": true,
                    "retention_policy_days": 7,
                    "version": "1.0"
                  }
                ],
                "logging": [
                  {
                    "delete": false,
                    "read": false,
                    "retention_policy_days": 0,
                    "version": "1.0",
                    "write": false
                  }
                ],
                "minute_metrics": [
                  {
                    "enabled": false,
                    "include_apis": false,
                    "retention_policy_days": 0,
                    "version": "1.0"
                  }
                ]
              }
            ],
            "resource_group_name": "rg-caring-prawn",
            "routing": [],
            "secondary_access_key": "20lHqpU6Mc62igWS/IX2I2xAtsYdrY+VGzRJeW8pMdW7KgVVs8ygNGSZcTiMFOr4sxQIY053QjXn+AStQgLjfQ==",
            "secondary_blob_connection_string": "",
            "secondary_blob_endpoint": null,
            "secondary_blob_host": null,
            "secondary_connection_string": "DefaultEndpointsProtocol=https;AccountName=diagb31b8ea03a016e73;AccountKey=20lHqpU6Mc62igWS/IX2I2xAtsYdrY+VGzRJeW8pMdW7KgVVs8ygNGSZcTiMFOr4sxQIY053QjXn+AStQgLjfQ==;EndpointSuffix=core.windows.net",
            "secondary_dfs_endpoint": null,
            "secondary_dfs_host": null,
            "secondary_file_endpoint": null,
            "secondary_file_host": null,
            "secondary_location": "",
            "secondary_queue_endpoint": null,
            "secondary_queue_host": null,
            "secondary_table_endpoint": null,
            "secondary_table_host": null,
            "secondary_web_endpoint": null,
            "secondary_web_host": null,
            "share_properties": [
              {
                "cors_rule": [],
                "retention_policy": [
                  {
                    "days": 7
                  }
                ],
                "smb": []
              }
            ],
            "shared_access_key_enabled": true,
            "static_website": [],
            "table_encryption_key_type": "Service",
            "tags": null,
            "timeouts": null
          },
          "sensitive_attributes": [],
          "private": "eyJlMmJmYjczMC1lY2FhLTExZTYtOGY4OC0zNDM2M2JjN2M0YzAiOnsiY3JlYXRlIjozNjAwMDAwMDAwMDAwLCJkZWxldGUiOjM2MDAwMDAwMDAwMDAsInJlYWQiOjMwMDAwMDAwMDAwMCwidXBkYXRlIjozNjAwMDAwMDAwMDAwfSwic2NoZW1hX3ZlcnNpb24iOiIyIn0=",
          "dependencies": [
            "azurerm_resource_group.rg",
            "random_id.random_id",
            "random_pet.rg_name"
          ]
        }
      ]
    },
    {
      "mode": "managed",
      "type": "azurerm_subnet",
      "name": "my_terraform_subnet",
      "provider": "provider[\"registry.terraform.io/hashicorp/azurerm\"]",
      "instances": [
        {
          "schema_version": 0,
          "attributes": {
            "address_prefix": "10.0.1.0/24",
            "address_prefixes": [
              "10.0.1.0/24"
            ],
            "delegation": [],
            "enforce_private_link_endpoint_network_policies": false,
            "enforce_private_link_service_network_policies": false,
            "id": "/subscriptions/c66df1ff-114b-4bfc-9088-cccef09a2c9c/resourceGroups/rg-caring-prawn/providers/Microsoft.Network/virtualNetworks/myVnet/subnets/mySubnet",
            "name": "mySubnet",
            "resource_group_name": "rg-caring-prawn",
            "service_endpoint_policy_ids": null,
            "service_endpoints": null,
            "timeouts": null,
            "virtual_network_name": "myVnet"
          },
          "sensitive_attributes": [],
          "private": "eyJlMmJmYjczMC1lY2FhLTExZTYtOGY4OC0zNDM2M2JjN2M0YzAiOnsiY3JlYXRlIjoxODAwMDAwMDAwMDAwLCJkZWxldGUiOjE4MDAwMDAwMDAwMDAsInJlYWQiOjMwMDAwMDAwMDAwMCwidXBkYXRlIjoxODAwMDAwMDAwMDAwfX0=",
          "dependencies": [
            "azurerm_resource_group.rg",
            "azurerm_virtual_network.my_terraform_network",
            "random_pet.rg_name"
          ]
        }
      ]
    },
    {
      "mode": "managed",
      "type": "azurerm_virtual_network",
      "name": "my_terraform_network",
      "provider": "provider[\"registry.terraform.io/hashicorp/azurerm\"]",
      "instances": [
        {
          "schema_version": 0,
          "attributes": {
            "address_space": [
              "10.0.0.0/16"
            ],
            "bgp_community": "",
            "ddos_protection_plan": [],
            "dns_servers": [],
            "flow_timeout_in_minutes": 0,
            "guid": "2d25a9df-2651-4b5d-9385-918b824015c3",
            "id": "/subscriptions/c66df1ff-114b-4bfc-9088-cccef09a2c9c/resourceGroups/rg-caring-prawn/providers/Microsoft.Network/virtualNetworks/myVnet",
            "location": "eastus",
            "name": "myVnet",
            "resource_group_name": "rg-caring-prawn",
            "subnet": [],
            "tags": null,
            "timeouts": null,
            "vm_protection_enabled": false
          },
          "sensitive_attributes": [],
          "private": "eyJlMmJmYjczMC1lY2FhLTExZTYtOGY4OC0zNDM2M2JjN2M0YzAiOnsiY3JlYXRlIjoxODAwMDAwMDAwMDAwLCJkZWxldGUiOjE4MDAwMDAwMDAwMDAsInJlYWQiOjMwMDAwMDAwMDAwMCwidXBkYXRlIjoxODAwMDAwMDAwMDAwfX0=",
          "dependencies": [
            "azurerm_resource_group.rg",
            "random_pet.rg_name"
          ]
        }
      ]
    },
    {
      "mode": "managed",
      "type": "random_id",
      "name": "random_id",
      "provider": "provider[\"registry.terraform.io/hashicorp/random\"]",
      "instances": [
        {
          "schema_version": 0,
          "attributes": {
            "b64_std": "sxuOoDoBbnM=",
            "b64_url": "sxuOoDoBbnM",
            "byte_length": 8,
            "dec": "12906065975979372147",
            "hex": "b31b8ea03a016e73",
            "id": "sxuOoDoBbnM",
            "keepers": {
              "resource_group": "rg-caring-prawn"
            },
            "prefix": null
          },
          "sensitive_attributes": [],
          "dependencies": [
            "azurerm_resource_group.rg",
            "random_pet.rg_name"
          ]
        }
      ]
    },
    {
      "mode": "managed",
      "type": "random_pet",
      "name": "rg_name",
      "provider": "provider[\"registry.terraform.io/hashicorp/random\"]",
      "instances": [
        {
          "schema_version": 0,
          "attributes": {
            "id": "rg-caring-prawn",
            "keepers": null,
            "length": 2,
            "prefix": "rg",
            "separator": "-"
          },
          "sensitive_attributes": []
        }
      ]
    },
    {
      "mode": "managed",
      "type": "tls_private_key",
      "name": "example_ssh",
      "provider": "provider[\"registry.terraform.io/hashicorp/tls\"]",
      "instances": [
        {
          "schema_version": 1,
          "attributes": {
            "algorithm": "RSA",
            "ecdsa_curve": "P224",
            "id": "bd3fbd4a0dadac1cea778a7334ef9d7e24628bc8",
            "private_key_openssh": "-----BEGIN OPENSSH PRIVATE KEY-----\nb3BlbnNzaC1rZXktdjEAAAAABG5vbmUAAAAEbm9uZQAAAAAAAAABAAACFwAAAAdz\nc2gtcnNhAAAAAwEAAQAAAgEA2R08WdO6JMTgQ1o24xzvTPwIAgNP5eJIsp//1X6M\nxZKNCVzpJv+QK3LuVgwiWkOrtkJS8atbYfSFH/INRUSOSbYfxdX5GzWBqzlehp8B\nu2Qe+E2vvcdURwZGyQTMJNYfiaFzih/eod2jm7OEOa+BFVfyzhjcVDlxhDAoStCs\nBUG8NmDCm8CpgZsahiZJarD+9NWWMXkzv/nQErr954Qic9sKHBe4nROIFRu+yuvt\n9BV/G+Vny1+IfdCGV46OGhR1Ugh9E2N93rp8kGpB0i5NpcQPs3NTdVl6ksRQwDDi\n7CvlEMyRINDOqggSEe71jU3LaXIlQyFV7sAvhmL03YFZdo641XiX0zHmYgku3oQL\n4IisV8aKFcn0aD6RcYjcMHVd6mIcq921B5DTrFh8boZh0DPHBSjjOU7Uh3XXSWKr\ntIc5uMv5R3RL+WXdGWqf1ElKO+JOp2kVkajw2sWNEHU0pEelbeVtRk6IKZj0Sj4Y\nPvYqrclQhFri8VXoPQR8lBhU+UwcsEO7BS6tWnC9252Gp/JrGLpqEjK2cjbdTZJG\nAU2mzU7xjXJJdaWj5lLwFP0dmEvYs7qyYsVVtXIsiHmrQfaSgWqmxaBcgwv+Bijl\n+4cKTtnl8RkZzXWv5HaK3+j904+kJsPKB16Qa9+r3vVgJOEG4172l+9q8fREfT9L\nYbMAAAc4+XTHFvl0xxYAAAAHc3NoLXJzYQAAAgEA2R08WdO6JMTgQ1o24xzvTPwI\nAgNP5eJIsp//1X6MxZKNCVzpJv+QK3LuVgwiWkOrtkJS8atbYfSFH/INRUSOSbYf\nxdX5GzWBqzlehp8Bu2Qe+E2vvcdURwZGyQTMJNYfiaFzih/eod2jm7OEOa+BFVfy\nzhjcVDlxhDAoStCsBUG8NmDCm8CpgZsahiZJarD+9NWWMXkzv/nQErr954Qic9sK\nHBe4nROIFRu+yuvt9BV/G+Vny1+IfdCGV46OGhR1Ugh9E2N93rp8kGpB0i5NpcQP\ns3NTdVl6ksRQwDDi7CvlEMyRINDOqggSEe71jU3LaXIlQyFV7sAvhmL03YFZdo64\n1XiX0zHmYgku3oQL4IisV8aKFcn0aD6RcYjcMHVd6mIcq921B5DTrFh8boZh0DPH\nBSjjOU7Uh3XXSWKrtIc5uMv5R3RL+WXdGWqf1ElKO+JOp2kVkajw2sWNEHU0pEel\nbeVtRk6IKZj0Sj4YPvYqrclQhFri8VXoPQR8lBhU+UwcsEO7BS6tWnC9252Gp/Jr\nGLpqEjK2cjbdTZJGAU2mzU7xjXJJdaWj5lLwFP0dmEvYs7qyYsVVtXIsiHmrQfaS\ngWqmxaBcgwv+Bijl+4cKTtnl8RkZzXWv5HaK3+j904+kJsPKB16Qa9+r3vVgJOEG\n4172l+9q8fREfT9LYbMAAAADAQABAAACAQCmXwzcGK7Pdj4T3pGov4dwisDoKfmT\nwy7KEmlNBEiDLaX9wsC3LacgZFXWgj3gxXJTm8dLgW/pRCKvNCCPL9WJDpKSW0Ek\nZIAU4UVaC4acPkCtLXq6BoDCXEDp0U9N+vb31ExhT8KebuTsb0ennKFh5Z8d51cP\nA2XFUdHOYtEuxgyf7s2x5JT/yAcvPS+NHkyA+Rq6lpHdTmTvtXLTciGkffjlRhgl\n5c2lvzkY7mnNXJummMhMw8wn/R61AXxK59pvHioaLWdKwcSqNYJyuSCvIeqWLI2L\noyGWTfFDFTMOnyRNFzUu3FNBYCXYsDBiM3boOpvrMSRUa9j/Nd1Fz9To5oUOb72u\nXH7jOk+08Ku998m2h4Dqnt2WVqYe0/4ZhJP6+j8+HdpB7ufaF6gaHR4ZhgPz9KKB\njgvjKV6aNiiQtmUe1g3Xh1eQ6VzQuAmEIPrGMonyNNxhCPu0kNXMVSrn1ch+UEhC\n0q9GzwoF+NUbrNWwkUXVPAzvsHv9IUJn/XViNcK5nWE3XsFdyTNJn2C35OlkHF3V\nJNjDzr4wpkRgGsYn0ebAKcbQzqXXOg9XNN0jLIyJ1tB8qdVp9JG+ZKWuD2804JEE\nmGMzKB/WFIKrjJuzU52u8Z8KASJ53bHUUQlpmUaEYDSGR+MgDl46dPXMAg9Y8QAH\nNnUSe6ZlsJaZAQAAAQB1mopLoysae95AbKx0uE1buSSNDunzQPFVF7prQVYoTTsS\nlY03KvSODPXzX1JMCVD06M5UxHr/MLhbOw9AppVW3FazEAsYAc9bFmUrQc7o1ubr\nWT0w7MSExpFzG01y8Bhts9WNh37+m0Ztj3AAfPiWp3yQZaOSvMUAvE6cANSqABh3\nm4veKLiX/B64H6K5B3LsvyCOgBJgCd1cF9AAB/a09dqO62udiQIUgY6q7Sedmo3t\nY1P73yvGQyq3E1YP8v2gvvHGbdoe0aol0WbalV1jp2hiNL9vmW9WQUU5VfOwyv46\nCW2vpHqlAhnPQcWJoVZJ/2gAEtBhc1rlGDobzTj0AAABAQD8/qMR3Jqqv711rgW2\n70sdoGCa3IzLnuE06XD2mUsZgo4HnxbTrSRViBJO96UVrmw5wCh2BQ/6DBQQJjp4\n36UGiIZqHAtijRzX6RDbZS1jhDVXAORJh3ToRPEP09sW8Wnpoo4RGhtT4llCvoCo\ngF6AjXLn77kbXZAhlbQjongNUH9qc+pTmyIzGg4fm5L9fIiSc2DFTw6rnn/ayHFx\nGoOf4wLa+qGiOdbaqafl7jvEFbrKEGLWdnU7cnACG4Eo3NZOp4xU0krZpMAq7CEM\nnEqdsM7JNrejLibdn04zVP7asYLXnucW7UTZTxpvirzJ29XV1jm+pL8ezzSfsdFa\n4KSTAAABAQDbsXxANqciVcQnlT2wvsuY95/k3YCs5O0cOr5acsj2PpUG8LQwoLGI\n2dGfpCNa7D7dotE8gpPY4mGMoMn4R8tniqckKOUZRjDIMxHP9PUFOI/dsz2nkMYW\nRCON6NrHiqExIWshwQkI3pKfu7SmPIaW7MkmD4vYWwKQ2urEBcI+sylNrqYWfBE6\nX6rK28J7+kM7qpjqGvHll7/qqRmvfSRVN/tZPXs8PJaMOR4wdJQEYZpKwCXPZ1yi\nKXnfF9gezxmZiUQUERgPSbJjCu4+Wy+EujYx1XvlTXHIQ9U023VW+wvtv5EUa4Ua\nV3uOhQqqBFBj5B9g3Dbc0hhjwluE2KJhAAAAAAEC\n-----END OPENSSH PRIVATE KEY-----\n",
            "private_key_pem": "-----BEGIN RSA PRIVATE KEY-----\nMIIJKAIBAAKCAgEA2R08WdO6JMTgQ1o24xzvTPwIAgNP5eJIsp//1X6MxZKNCVzp\nJv+QK3LuVgwiWkOrtkJS8atbYfSFH/INRUSOSbYfxdX5GzWBqzlehp8Bu2Qe+E2v\nvcdURwZGyQTMJNYfiaFzih/eod2jm7OEOa+BFVfyzhjcVDlxhDAoStCsBUG8NmDC\nm8CpgZsahiZJarD+9NWWMXkzv/nQErr954Qic9sKHBe4nROIFRu+yuvt9BV/G+Vn\ny1+IfdCGV46OGhR1Ugh9E2N93rp8kGpB0i5NpcQPs3NTdVl6ksRQwDDi7CvlEMyR\nINDOqggSEe71jU3LaXIlQyFV7sAvhmL03YFZdo641XiX0zHmYgku3oQL4IisV8aK\nFcn0aD6RcYjcMHVd6mIcq921B5DTrFh8boZh0DPHBSjjOU7Uh3XXSWKrtIc5uMv5\nR3RL+WXdGWqf1ElKO+JOp2kVkajw2sWNEHU0pEelbeVtRk6IKZj0Sj4YPvYqrclQ\nhFri8VXoPQR8lBhU+UwcsEO7BS6tWnC9252Gp/JrGLpqEjK2cjbdTZJGAU2mzU7x\njXJJdaWj5lLwFP0dmEvYs7qyYsVVtXIsiHmrQfaSgWqmxaBcgwv+Bijl+4cKTtnl\n8RkZzXWv5HaK3+j904+kJsPKB16Qa9+r3vVgJOEG4172l+9q8fREfT9LYbMCAwEA\nAQKCAgEApl8M3Biuz3Y+E96RqL+HcIrA6Cn5k8MuyhJpTQRIgy2l/cLAty2nIGRV\n1oI94MVyU5vHS4Fv6UQirzQgjy/ViQ6SkltBJGSAFOFFWguGnD5ArS16ugaAwlxA\n6dFPTfr299RMYU/Cnm7k7G9Hp5yhYeWfHedXDwNlxVHRzmLRLsYMn+7NseSU/8gH\nLz0vjR5MgPkaupaR3U5k77Vy03IhpH345UYYJeXNpb85GO5pzVybppjITMPMJ/0e\ntQF8Sufabx4qGi1nSsHEqjWCcrkgryHqliyNi6Mhlk3xQxUzDp8kTRc1LtxTQWAl\n2LAwYjN26Dqb6zEkVGvY/zXdRc/U6OaFDm+9rlx+4zpPtPCrvffJtoeA6p7dllam\nHtP+GYST+vo/Ph3aQe7n2heoGh0eGYYD8/SigY4L4ylemjYokLZlHtYN14dXkOlc\n0LgJhCD6xjKJ8jTcYQj7tJDVzFUq59XIflBIQtKvRs8KBfjVG6zVsJFF1TwM77B7\n/SFCZ/11YjXCuZ1hN17BXckzSZ9gt+TpZBxd1STYw86+MKZEYBrGJ9HmwCnG0M6l\n1zoPVzTdIyyMidbQfKnVafSRvmSlrg9vNOCRBJhjMygf1hSCq4ybs1OdrvGfCgEi\ned2x1FEJaZlGhGA0hkfjIA5eOnT1zAIPWPEABzZ1EnumZbCWmQECggEBAPz+oxHc\nmqq/vXWuBbbvSx2gYJrcjMue4TTpcPaZSxmCjgefFtOtJFWIEk73pRWubDnAKHYF\nD/oMFBAmOnjfpQaIhmocC2KNHNfpENtlLWOENVcA5EmHdOhE8Q/T2xbxaemijhEa\nG1PiWUK+gKiAXoCNcufvuRtdkCGVtCOieA1Qf2pz6lObIjMaDh+bkv18iJJzYMVP\nDquef9rIcXEag5/jAtr6oaI51tqpp+XuO8QVusoQYtZ2dTtycAIbgSjc1k6njFTS\nStmkwCrsIQycSp2wzsk2t6MuJt2fTjNU/tqxgtee5xbtRNlPGm+KvMnb1dXWOb6k\nvx7PNJ+x0VrgpJMCggEBANuxfEA2pyJVxCeVPbC+y5j3n+TdgKzk7Rw6vlpyyPY+\nlQbwtDCgsYjZ0Z+kI1rsPt2i0TyCk9jiYYygyfhHy2eKpyQo5RlGMMgzEc/09QU4\nj92zPaeQxhZEI43o2seKoTEhayHBCQjekp+7tKY8hpbsySYPi9hbApDa6sQFwj6z\nKU2uphZ8ETpfqsrbwnv6QzuqmOoa8eWXv+qpGa99JFU3+1k9ezw8low5HjB0lARh\nmkrAJc9nXKIped8X2B7PGZmJRBQRGA9JsmMK7j5bL4S6NjHVe+VNcchD1TTbdVb7\nC+2/kRRrhRpXe46FCqoEUGPkH2DcNtzSGGPCW4TYomECggEACnkcFQw11uWzGSEI\nGYeUa3iNJzwEFBXSqtcTFxJHepnd+VDLqB2dyHCmmWBFFD2xOz7KLgCNpcNEPVrn\nxsMzWK7kKZZZnk3LKOD8EqkAlQMPFjfyO10BKPBZrlcN1chOox5YlTqocPOI0GuE\ndfVCdD3myNUyq4BXDBzfZS4/nAV+ENEVnTpp0wW8GfDdx+KU4MMn+WMJb29TSaJM\nl+sKEd9a6efAMzADxe+KBMm07awcnGrLPKeQuNJG8r9ivGdP89eZxpUiBhp83goC\nYDxEFn0QQmIiff3WHAyRNyzIlBMPII/ybw+JbxmINZ/fqteP5ZdFsq+tPcBEJGw/\nB20PQwKCAQAOrQqZ14zOtGAILOYUGorLSy95QHrKEfjs+9effy+Bk6is8AN5hCKX\n+8UPHw3lkwaYE7painaJ9IWDuXIEjfc+kXqc5cZ4K8IyfYbhF4IOuTqTGtgxi3BQ\nKHkfj8Cdt9sQxyS6+oQ5/XRaC1YEDOMIzgSZ8EvtRhcjyhwIwEG7oohN0i7yLZOR\nDLcCGjAhzBQVtk3ExcwHBF4jtOwsVvXIY5b83SiQW5PLBj3ICuGgcUy3VaKw+jyr\n8I1do+AiHr+dDBhqJsIus0OhbieALuM7wJzCM3q1VLkXIcDqaQarqtWfKj7s2Enp\n+pIccTLHLMaaBbE67TsVAUvzzhYDB93BAoIBAHWaikujKxp73kBsrHS4TVu5JI0O\n6fNA8VUXumtBVihNOxKVjTcq9I4M9fNfUkwJUPTozlTEev8wuFs7D0CmlVbcVrMQ\nCxgBz1sWZStBzujW5utZPTDsxITGkXMbTXLwGG2z1Y2Hfv6bRm2PcAB8+JanfJBl\no5K8xQC8TpwA1KoAGHebi94ouJf8HrgforkHcuy/II6AEmAJ3VwX0AAH9rT12o7r\na52JAhSBjqrtJ52aje1jU/vfK8ZDKrcTVg/y/aC+8cZt2h7RqiXRZtqVXWOnaGI0\nv2+Zb1ZBRTlV87DK/joJba+keqUCGc9BxYmhVkn/aAAS0GFzWuUYOhvNOPQ=\n-----END RSA PRIVATE KEY-----\n",
            "private_key_pem_pkcs8": "-----BEGIN PRIVATE KEY-----\nMIIJQgIBADANBgkqhkiG9w0BAQEFAASCCSwwggkoAgEAAoICAQDZHTxZ07okxOBD\nWjbjHO9M/AgCA0/l4kiyn//VfozFko0JXOkm/5Arcu5WDCJaQ6u2QlLxq1th9IUf\n8g1FRI5Jth/F1fkbNYGrOV6GnwG7ZB74Ta+9x1RHBkbJBMwk1h+JoXOKH96h3aOb\ns4Q5r4EVV/LOGNxUOXGEMChK0KwFQbw2YMKbwKmBmxqGJklqsP701ZYxeTO/+dAS\nuv3nhCJz2wocF7idE4gVG77K6+30FX8b5WfLX4h90IZXjo4aFHVSCH0TY33eunyQ\nakHSLk2lxA+zc1N1WXqSxFDAMOLsK+UQzJEg0M6qCBIR7vWNTctpciVDIVXuwC+G\nYvTdgVl2jrjVeJfTMeZiCS7ehAvgiKxXxooVyfRoPpFxiNwwdV3qYhyr3bUHkNOs\nWHxuhmHQM8cFKOM5TtSHdddJYqu0hzm4y/lHdEv5Zd0Zap/USUo74k6naRWRqPDa\nxY0QdTSkR6Vt5W1GTogpmPRKPhg+9iqtyVCEWuLxVeg9BHyUGFT5TBywQ7sFLq1a\ncL3bnYan8msYumoSMrZyNt1NkkYBTabNTvGNckl1paPmUvAU/R2YS9izurJixVW1\nciyIeatB9pKBaqbFoFyDC/4GKOX7hwpO2eXxGRnNda/kdorf6P3Tj6Qmw8oHXpBr\n36ve9WAk4QbjXvaX72rx9ER9P0thswIDAQABAoICAQCmXwzcGK7Pdj4T3pGov4dw\nisDoKfmTwy7KEmlNBEiDLaX9wsC3LacgZFXWgj3gxXJTm8dLgW/pRCKvNCCPL9WJ\nDpKSW0EkZIAU4UVaC4acPkCtLXq6BoDCXEDp0U9N+vb31ExhT8KebuTsb0ennKFh\n5Z8d51cPA2XFUdHOYtEuxgyf7s2x5JT/yAcvPS+NHkyA+Rq6lpHdTmTvtXLTciGk\nffjlRhgl5c2lvzkY7mnNXJummMhMw8wn/R61AXxK59pvHioaLWdKwcSqNYJyuSCv\nIeqWLI2LoyGWTfFDFTMOnyRNFzUu3FNBYCXYsDBiM3boOpvrMSRUa9j/Nd1Fz9To\n5oUOb72uXH7jOk+08Ku998m2h4Dqnt2WVqYe0/4ZhJP6+j8+HdpB7ufaF6gaHR4Z\nhgPz9KKBjgvjKV6aNiiQtmUe1g3Xh1eQ6VzQuAmEIPrGMonyNNxhCPu0kNXMVSrn\n1ch+UEhC0q9GzwoF+NUbrNWwkUXVPAzvsHv9IUJn/XViNcK5nWE3XsFdyTNJn2C3\n5OlkHF3VJNjDzr4wpkRgGsYn0ebAKcbQzqXXOg9XNN0jLIyJ1tB8qdVp9JG+ZKWu\nD2804JEEmGMzKB/WFIKrjJuzU52u8Z8KASJ53bHUUQlpmUaEYDSGR+MgDl46dPXM\nAg9Y8QAHNnUSe6ZlsJaZAQKCAQEA/P6jEdyaqr+9da4Ftu9LHaBgmtyMy57hNOlw\n9plLGYKOB58W060kVYgSTvelFa5sOcAodgUP+gwUECY6eN+lBoiGahwLYo0c1+kQ\n22UtY4Q1VwDkSYd06ETxD9PbFvFp6aKOERobU+JZQr6AqIBegI1y5++5G12QIZW0\nI6J4DVB/anPqU5siMxoOH5uS/XyIknNgxU8Oq55/2shxcRqDn+MC2vqhojnW2qmn\n5e47xBW6yhBi1nZ1O3JwAhuBKNzWTqeMVNJK2aTAKuwhDJxKnbDOyTa3oy4m3Z9O\nM1T+2rGC157nFu1E2U8ab4q8ydvV1dY5vqS/Hs80n7HRWuCkkwKCAQEA27F8QDan\nIlXEJ5U9sL7LmPef5N2ArOTtHDq+WnLI9j6VBvC0MKCxiNnRn6QjWuw+3aLRPIKT\n2OJhjKDJ+EfLZ4qnJCjlGUYwyDMRz/T1BTiP3bM9p5DGFkQjjejax4qhMSFrIcEJ\nCN6Sn7u0pjyGluzJJg+L2FsCkNrqxAXCPrMpTa6mFnwROl+qytvCe/pDO6qY6hrx\n5Ze/6qkZr30kVTf7WT17PDyWjDkeMHSUBGGaSsAlz2dcoil53xfYHs8ZmYlEFBEY\nD0myYwruPlsvhLo2MdV75U1xyEPVNNt1VvsL7b+RFGuFGld7joUKqgRQY+QfYNw2\n3NIYY8JbhNiiYQKCAQAKeRwVDDXW5bMZIQgZh5RreI0nPAQUFdKq1xMXEkd6md35\nUMuoHZ3IcKaZYEUUPbE7PsouAI2lw0Q9WufGwzNYruQpllmeTcso4PwSqQCVAw8W\nN/I7XQEo8FmuVw3VyE6jHliVOqhw84jQa4R19UJ0PebI1TKrgFcMHN9lLj+cBX4Q\n0RWdOmnTBbwZ8N3H4pTgwyf5Ywlvb1NJokyX6woR31rp58AzMAPF74oEybTtrByc\nass8p5C40kbyv2K8Z0/z15nGlSIGGnzeCgJgPEQWfRBCYiJ9/dYcDJE3LMiUEw8g\nj/JvD4lvGYg1n9+q14/ll0Wyr609wEQkbD8HbQ9DAoIBAA6tCpnXjM60YAgs5hQa\nistLL3lAesoR+Oz7159/L4GTqKzwA3mEIpf7xQ8fDeWTBpgTulqKdon0hYO5cgSN\n9z6RepzlxngrwjJ9huEXgg65OpMa2DGLcFAoeR+PwJ232xDHJLr6hDn9dFoLVgQM\n4wjOBJnwS+1GFyPKHAjAQbuiiE3SLvItk5EMtwIaMCHMFBW2TcTFzAcEXiO07CxW\n9chjlvzdKJBbk8sGPcgK4aBxTLdVorD6PKvwjV2j4CIev50MGGomwi6zQ6FuJ4Au\n4zvAnMIzerVUuRchwOppBquq1Z8qPuzYSen6khxxMscsxpoFsTrtOxUBS/POFgMH\n3cECggEAdZqKS6MrGnveQGysdLhNW7kkjQ7p80DxVRe6a0FWKE07EpWNNyr0jgz1\n819STAlQ9OjOVMR6/zC4WzsPQKaVVtxWsxALGAHPWxZlK0HO6Nbm61k9MOzEhMaR\ncxtNcvAYbbPVjYd+/ptGbY9wAHz4lqd8kGWjkrzFALxOnADUqgAYd5uL3ii4l/we\nuB+iuQdy7L8gjoASYAndXBfQAAf2tPXajutrnYkCFIGOqu0nnZqN7WNT+98rxkMq\ntxNWD/L9oL7xxm3aHtGqJdFm2pVdY6doYjS/b5lvVkFFOVXzsMr+Ogltr6R6pQIZ\nz0HFiaFWSf9oABLQYXNa5Rg6G8049A==\n-----END PRIVATE KEY-----\n",
            "public_key_fingerprint_md5": "ad:6e:04:37:2c:15:bd:49:e7:ff:bf:cb:46:1c:82:91",
            "public_key_fingerprint_sha256": "SHA256:s6WabkWQQ/JryD1VK7rTTD/P2cvNZAjNYPGGFF5RuWM",
            "public_key_openssh": "ssh-rsa AAAAB3NzaC1yc2EAAAADAQABAAACAQDZHTxZ07okxOBDWjbjHO9M/AgCA0/l4kiyn//VfozFko0JXOkm/5Arcu5WDCJaQ6u2QlLxq1th9IUf8g1FRI5Jth/F1fkbNYGrOV6GnwG7ZB74Ta+9x1RHBkbJBMwk1h+JoXOKH96h3aObs4Q5r4EVV/LOGNxUOXGEMChK0KwFQbw2YMKbwKmBmxqGJklqsP701ZYxeTO/+dASuv3nhCJz2wocF7idE4gVG77K6+30FX8b5WfLX4h90IZXjo4aFHVSCH0TY33eunyQakHSLk2lxA+zc1N1WXqSxFDAMOLsK+UQzJEg0M6qCBIR7vWNTctpciVDIVXuwC+GYvTdgVl2jrjVeJfTMeZiCS7ehAvgiKxXxooVyfRoPpFxiNwwdV3qYhyr3bUHkNOsWHxuhmHQM8cFKOM5TtSHdddJYqu0hzm4y/lHdEv5Zd0Zap/USUo74k6naRWRqPDaxY0QdTSkR6Vt5W1GTogpmPRKPhg+9iqtyVCEWuLxVeg9BHyUGFT5TBywQ7sFLq1acL3bnYan8msYumoSMrZyNt1NkkYBTabNTvGNckl1paPmUvAU/R2YS9izurJixVW1ciyIeatB9pKBaqbFoFyDC/4GKOX7hwpO2eXxGRnNda/kdorf6P3Tj6Qmw8oHXpBr36ve9WAk4QbjXvaX72rx9ER9P0thsw==\n",
            "public_key_pem": "-----BEGIN PUBLIC KEY-----\nMIICIjANBgkqhkiG9w0BAQEFAAOCAg8AMIICCgKCAgEA2R08WdO6JMTgQ1o24xzv\nTPwIAgNP5eJIsp//1X6MxZKNCVzpJv+QK3LuVgwiWkOrtkJS8atbYfSFH/INRUSO\nSbYfxdX5GzWBqzlehp8Bu2Qe+E2vvcdURwZGyQTMJNYfiaFzih/eod2jm7OEOa+B\nFVfyzhjcVDlxhDAoStCsBUG8NmDCm8CpgZsahiZJarD+9NWWMXkzv/nQErr954Qi\nc9sKHBe4nROIFRu+yuvt9BV/G+Vny1+IfdCGV46OGhR1Ugh9E2N93rp8kGpB0i5N\npcQPs3NTdVl6ksRQwDDi7CvlEMyRINDOqggSEe71jU3LaXIlQyFV7sAvhmL03YFZ\ndo641XiX0zHmYgku3oQL4IisV8aKFcn0aD6RcYjcMHVd6mIcq921B5DTrFh8boZh\n0DPHBSjjOU7Uh3XXSWKrtIc5uMv5R3RL+WXdGWqf1ElKO+JOp2kVkajw2sWNEHU0\npEelbeVtRk6IKZj0Sj4YPvYqrclQhFri8VXoPQR8lBhU+UwcsEO7BS6tWnC9252G\np/JrGLpqEjK2cjbdTZJGAU2mzU7xjXJJdaWj5lLwFP0dmEvYs7qyYsVVtXIsiHmr\nQfaSgWqmxaBcgwv+Bijl+4cKTtnl8RkZzXWv5HaK3+j904+kJsPKB16Qa9+r3vVg\nJOEG4172l+9q8fREfT9LYbMCAwEAAQ==\n-----END PUBLIC KEY-----\n",
            "rsa_bits": 4096
          },
          "sensitive_attributes": []
        }
      ]
    }
  ],
  "check_results": null
}
